<?xml version="1.0" encoding="utf-8"?>
<Project ToolsVersion="4.0" xmlns="http://schemas.microsoft.com/developer/msbuild/2003">
  <ItemGroup>
    <Filter Include="Source Files">
      <UniqueIdentifier>{4FC737F1-C7A5-4376-A066-2A32D752A2FF}</UniqueIdentifier>
      <Extensions>cpp;c;cc;cxx;c++;cppm;ixx;def;odl;idl;hpj;bat;asm;asmx</Extensions>
    </Filter>
    <Filter Include="Header Files">
      <UniqueIdentifier>{93995380-89BD-4b04-88EB-625FBE52EBFB}</UniqueIdentifier>
      <Extensions>h;hh;hpp;hxx;h++;hm;inl;inc;ipp;xsd</Extensions>
    </Filter>
    <Filter Include="Resource Files">
      <UniqueIdentifier>{67DA6AB6-F800-4c08-8B7A-83BB121AAD01}</UniqueIdentifier>
      <Extensions>rc;ico;cur;bmp;dlg;rc2;rct;bin;rgs;gif;jpg;jpeg;jpe;resx;tiff;tif;png;wav;mfcribbon-ms</Extensions>
    </Filter>
  </ItemGroup>
  <ItemGroup>
    <ClCompile Include="src\AoC2023.cpp">
      <Filter>Source Files</Filter>
    </ClCompile>
    <ClCompile Include="src\framework\FileGenerator.cpp">
      <Filter>Source Files</Filter>
    </ClCompile>
    <ClCompile Include="src\framework\Runner.cpp">
      <Filter>Source Files</Filter>
    </ClCompile>
    <ClCompile Include="src\utils\Utils.cpp">
      <Filter>Source Files</Filter>
    </ClCompile>
    <ClCompile Include="src\framework\CommandLineInterface.cpp">
      <Filter>Source Files</Filter>
    </ClCompile>
    <ClCompile Include="third_party\pugixml-1.14\src\pugixml.cpp">
      <Filter>Source Files</Filter>
    </ClCompile>
    <ClCompile Include="src\framework\Vcxproj.cpp">
      <Filter>Source Files</Filter>
    </ClCompile>
    <ClCompile Include="src\day1\Day1Part1.cpp">
      <Filter>Source Files</Filter>
    </ClCompile>
    <ClCompile Include="src\day1\Day1Part2.cpp">
      <Filter>Source Files</Filter>
    </ClCompile>
  </ItemGroup>
  <ItemGroup>
    <ClInclude Include="src\framework\FileGenerator.h">
      <Filter>Header Files</Filter>
    </ClInclude>
    <ClInclude Include="src\framework\Runner.h">
      <Filter>Header Files</Filter>
    </ClInclude>
    <ClInclude Include="src\utils\Utils.h">
      <Filter>Header Files</Filter>
    </ClInclude>
    <ClInclude Include="third_party\inja.hpp">
      <Filter>Header Files</Filter>
    </ClInclude>
    <ClInclude Include="third_party\json.hpp">
      <Filter>Header Files</Filter>
    </ClInclude>
    <ClInclude Include="src\framework\CommandLineInterface.h">
      <Filter>Header Files</Filter>
    </ClInclude>
    <ClInclude Include="third_party\CLI11.hpp">
      <Filter>Header Files</Filter>
    </ClInclude>
    <ClInclude Include="third_party\pugixml-1.14\src\pugixml.hpp">
      <Filter>Header Files</Filter>
    </ClInclude>
    <ClInclude Include="src\framework\Vcxproj.h">
      <Filter>Header Files</Filter>
    </ClInclude>
    <ClInclude Include="src\day1\Day1Part1.h">
      <Filter>Header Files</Filter>
    </ClInclude>
    <ClInclude Include="src\day1\Day1Part2.h">
      <Filter>Header Files</Filter>
    </ClInclude>
    <ClInclude Include="src\AoCDays.h">
      <Filter>Header Files</Filter>
    </ClInclude>
  </ItemGroup>
  <ItemGroup>
    <Text Include="src\framework\templates\day-src-template-cpp.txt" />
    <Text Include="src\framework\templates\day-src-template-h.txt" />
    <Text Include="input\day1_example.txt" />
    <Text Include="input\day1_input.txt" />
    <Text Include="src\framework\templates\days-header-template-h.txt" />
  </ItemGroup>
</Project>